
Microsoft Visual Studio Solution File, Format Version 12.00
# Visual Studio Version 17
VisualStudioVersion = 17.5.002.0
MinimumVisualStudioVersion = 10.0.40219.1
Project("{2150E333-8FDC-42A3-9474-1A3956D46DE8}") = "Back", "Back", "{679AF9A4-DFC3-4B92-8C0C-7455CA31D37E}"
EndProject
Project("{2150E333-8FDC-42A3-9474-1A3956D46DE8}") = "src", "src", "{262E4C2D-3560-42DB-B893-DA7A207B1750}"
EndProject
Project("{9A19103F-16F7-4668-BE54-9A1E7A4F7556}") = "ProEventos.API", "Back\src\ProEventos.API\ProEventos.API.csproj", "{21E058E7-EA2E-4DFA-A38A-6187492376A4}"
EndProject
Global
	GlobalSection(SolutionConfigurationPlatforms) = preSolution
		Debug|Any CPU = Debug|Any CPU
		Release|Any CPU = Release|Any CPU
	EndGlobalSection
	GlobalSection(ProjectConfigurationPlatforms) = postSolution
		{21E058E7-EA2E-4DFA-A38A-6187492376A4}.Debug|Any CPU.ActiveCfg = Debug|Any CPU
		{21E058E7-EA2E-4DFA-A38A-6187492376A4}.Debug|Any CPU.Build.0 = Debug|Any CPU
		{21E058E7-EA2E-4DFA-A38A-6187492376A4}.Release|Any CPU.ActiveCfg = Release|Any CPU
		{21E058E7-EA2E-4DFA-A38A-6187492376A4}.Release|Any CPU.Build.0 = Release|Any CPU
	EndGlobalSection
	GlobalSection(SolutionProperties) = preSolution
		HideSolutionNode = FALSE
	EndGlobalSection
	GlobalSection(NestedProjects) = preSolution
		{262E4C2D-3560-42DB-B893-DA7A207B1750} = {679AF9A4-DFC3-4B92-8C0C-7455CA31D37E}
		{21E058E7-EA2E-4DFA-A38A-6187492376A4} = {262E4C2D-3560-42DB-B893-DA7A207B1750}
	EndGlobalSection
	GlobalSection(ExtensibilityGlobals) = postSolution
		SolutionGuid = {B6BCF20D-3648-4317-8ACF-F280655B14DC}
	EndGlobalSection
EndGlobal
