
Microsoft Visual Studio Solution File, Format Version 12.00
# Visual Studio Version 16
VisualStudioVersion = 16.0.30114.105
MinimumVisualStudioVersion = 10.0.40219.1
Project("{FAE04EC0-301F-11D3-BF4B-00C04F79EFBC}") = "ProEventos.Application", "ProEventos.Application\ProEventos.Application.csproj", "{D142035A-224B-4FB3-9AA5-F6D5F6CFA335}"
EndProject
Project("{FAE04EC0-301F-11D3-BF4B-00C04F79EFBC}") = "ProEventos.Domain", "ProEventos.Domain\ProEventos.Domain.csproj", "{0BD55F24-1805-41F4-9618-398936FE41BA}"
EndProject
Project("{FAE04EC0-301F-11D3-BF4B-00C04F79EFBC}") = "ProEventos.API", "ProEventos.Api\ProEventos.API.csproj", "{07D07D01-3C5F-4551-BDF0-8553F1FB47CF}"
EndProject
Project("{FAE04EC0-301F-11D3-BF4B-00C04F79EFBC}") = "ProEventos.Persistence", "ProEventos.Persistence\ProEventos.Persistence.csproj", "{0D5AFC8C-96FB-4CD3-B98E-348F961C7165}"
EndProject
Global
	GlobalSection(SolutionConfigurationPlatforms) = preSolution
		Debug|Any CPU = Debug|Any CPU
		Release|Any CPU = Release|Any CPU
	EndGlobalSection
	GlobalSection(SolutionProperties) = preSolution
		HideSolutionNode = FALSE
	EndGlobalSection
	GlobalSection(ProjectConfigurationPlatforms) = postSolution
		{D142035A-224B-4FB3-9AA5-F6D5F6CFA335}.Debug|Any CPU.ActiveCfg = Debug|Any CPU
		{D142035A-224B-4FB3-9AA5-F6D5F6CFA335}.Debug|Any CPU.Build.0 = Debug|Any CPU
		{D142035A-224B-4FB3-9AA5-F6D5F6CFA335}.Release|Any CPU.ActiveCfg = Release|Any CPU
		{D142035A-224B-4FB3-9AA5-F6D5F6CFA335}.Release|Any CPU.Build.0 = Release|Any CPU
		{0BD55F24-1805-41F4-9618-398936FE41BA}.Debug|Any CPU.ActiveCfg = Debug|Any CPU
		{0BD55F24-1805-41F4-9618-398936FE41BA}.Debug|Any CPU.Build.0 = Debug|Any CPU
		{0BD55F24-1805-41F4-9618-398936FE41BA}.Release|Any CPU.ActiveCfg = Release|Any CPU
		{0BD55F24-1805-41F4-9618-398936FE41BA}.Release|Any CPU.Build.0 = Release|Any CPU
		{07D07D01-3C5F-4551-BDF0-8553F1FB47CF}.Debug|Any CPU.ActiveCfg = Debug|Any CPU
		{07D07D01-3C5F-4551-BDF0-8553F1FB47CF}.Debug|Any CPU.Build.0 = Debug|Any CPU
		{07D07D01-3C5F-4551-BDF0-8553F1FB47CF}.Release|Any CPU.ActiveCfg = Release|Any CPU
		{07D07D01-3C5F-4551-BDF0-8553F1FB47CF}.Release|Any CPU.Build.0 = Release|Any CPU
		{0D5AFC8C-96FB-4CD3-B98E-348F961C7165}.Debug|Any CPU.ActiveCfg = Debug|Any CPU
		{0D5AFC8C-96FB-4CD3-B98E-348F961C7165}.Debug|Any CPU.Build.0 = Debug|Any CPU
		{0D5AFC8C-96FB-4CD3-B98E-348F961C7165}.Release|Any CPU.ActiveCfg = Release|Any CPU
		{0D5AFC8C-96FB-4CD3-B98E-348F961C7165}.Release|Any CPU.Build.0 = Release|Any CPU
	EndGlobalSection
EndGlobal
